
Microsoft Visual Studio Solution File, Format Version 12.00
# Visual Studio Version 17
VisualStudioVersion = 17.7.34031.279
MinimumVisualStudioVersion = 10.0.40219.1
Project("{FAE04EC0-301F-11D3-BF4B-00C04F79EFBC}") = "Frontend", "Frontend\Frontend.csproj", "{253B6DF7-B723-4FA5-BF18-B034508A3C13}"
EndProject
Project("{FAE04EC0-301F-11D3-BF4B-00C04F79EFBC}") = "Persistence", "Persistence\Persistence.csproj", "{535DE92A-1D16-4875-A60C-103DBD1AFE45}"
EndProject
Global
	GlobalSection(SolutionConfigurationPlatforms) = preSolution
		Debug|Any CPU = Debug|Any CPU
		Release|Any CPU = Release|Any CPU
	EndGlobalSection
	GlobalSection(ProjectConfigurationPlatforms) = postSolution
		{253B6DF7-B723-4FA5-BF18-B034508A3C13}.Debug|Any CPU.ActiveCfg = Debug|Any CPU
		{253B6DF7-B723-4FA5-BF18-B034508A3C13}.Debug|Any CPU.Build.0 = Debug|Any CPU
		{253B6DF7-B723-4FA5-BF18-B034508A3C13}.Release|Any CPU.ActiveCfg = Release|Any CPU
		{253B6DF7-B723-4FA5-BF18-B034508A3C13}.Release|Any CPU.Build.0 = Release|Any CPU
		{535DE92A-1D16-4875-A60C-103DBD1AFE45}.Debug|Any CPU.ActiveCfg = Debug|Any CPU
		{535DE92A-1D16-4875-A60C-103DBD1AFE45}.Debug|Any CPU.Build.0 = Debug|Any CPU
		{535DE92A-1D16-4875-A60C-103DBD1AFE45}.Release|Any CPU.ActiveCfg = Release|Any CPU
		{535DE92A-1D16-4875-A60C-103DBD1AFE45}.Release|Any CPU.Build.0 = Release|Any CPU
	EndGlobalSection
	GlobalSection(SolutionProperties) = preSolution
		HideSolutionNode = FALSE
	EndGlobalSection
	GlobalSection(ExtensibilityGlobals) = postSolution
		SolutionGuid = {F98819C2-A889-4786-9E87-88E373CF4C2C}
	EndGlobalSection
EndGlobal
